
Microsoft Visual Studio Solution File, Format Version 12.00
# Visual Studio Version 17
VisualStudioVersion = 17.3.32922.545
MinimumVisualStudioVersion = 10.0.40219.1
Project("{FAE04EC0-301F-11D3-BF4B-00C04F79EFBC}") = "FinalProgram", "FinalProgram\FinalProgram.csproj", "{DE95F29A-F337-403C-BA1B-3FC6CDBC4A87}"
EndProject
Global
	GlobalSection(SolutionConfigurationPlatforms) = preSolution
		Debug|Any CPU = Debug|Any CPU
		Release|Any CPU = Release|Any CPU
	EndGlobalSection
	GlobalSection(ProjectConfigurationPlatforms) = postSolution
		{DE95F29A-F337-403C-BA1B-3FC6CDBC4A87}.Debug|Any CPU.ActiveCfg = Debug|Any CPU
		{DE95F29A-F337-403C-BA1B-3FC6CDBC4A87}.Debug|Any CPU.Build.0 = Debug|Any CPU
		{DE95F29A-F337-403C-BA1B-3FC6CDBC4A87}.Release|Any CPU.ActiveCfg = Release|Any CPU
		{DE95F29A-F337-403C-BA1B-3FC6CDBC4A87}.Release|Any CPU.Build.0 = Release|Any CPU
	EndGlobalSection
	GlobalSection(SolutionProperties) = preSolution
		HideSolutionNode = FALSE
	EndGlobalSection
	GlobalSection(ExtensibilityGlobals) = postSolution
		SolutionGuid = {9E6A963E-F1AF-4EA5-A27E-FF2207EEE1E7}
	EndGlobalSection
EndGlobal
